// !$*UTF8*$!
{
	archiveVersion = 1;
	classes = {
	};
	objectVersion = 56;
	objects = {

/* Begin PBXBuildFile section */
		3DA70BD62C6A159500CB2752 /* HeroQuizApp.swift in Sources */ = {isa = PBXBuildFile; fileRef = 3DA70BD52C6A159500CB2752 /* HeroQuizApp.swift */; };
		3DA70BD82C6A159500CB2752 /* ContentView.swift in Sources */ = {isa = PBXBuildFile; fileRef = 3DA70BD72C6A159500CB2752 /* ContentView.swift */; };
		3DA70BDA2C6A159500CB2752 /* Item.swift in Sources */ = {isa = PBXBuildFile; fileRef = 3DA70BD92C6A159500CB2752 /* Item.swift */; };
		3DA70BDC2C6A159600CB2752 /* Assets.xcassets in Resources */ = {isa = PBXBuildFile; fileRef = 3DA70BDB2C6A159600CB2752 /* Assets.xcassets */; };
		3DA70BE02C6A159600CB2752 /* Preview Assets.xcassets in Resources */ = {isa = PBXBuildFile; fileRef = 3DA70BDF2C6A159600CB2752 /* Preview Assets.xcassets */; };
		3DA70BEA2C6A159600CB2752 /* HeroQuizTests.swift in Sources */ = {isa = PBXBuildFile; fileRef = 3DA70BE92C6A159600CB2752 /* HeroQuizTests.swift */; };
		3DA70BF42C6A159600CB2752 /* HeroQuizUITests.swift in Sources */ = {isa = PBXBuildFile; fileRef = 3DA70BF32C6A159600CB2752 /* HeroQuizUITests.swift */; };
		3DA70BF62C6A159600CB2752 /* HeroQuizUITestsLaunchTests.swift in Sources */ = {isa = PBXBuildFile; fileRef = 3DA70BF52C6A159600CB2752 /* HeroQuizUITestsLaunchTests.swift */; };
		3DA70C0A2C6A1CC800CB2752 /* ModelTests.swift in Sources */ = {isa = PBXBuildFile; fileRef = 3DA70C092C6A1CC800CB2752 /* ModelTests.swift */; };
		3DA70C0C2C6A1CD300CB2752 /* ViewModelTests.swift in Sources */ = {isa = PBXBuildFile; fileRef = 3DA70C0B2C6A1CD300CB2752 /* ViewModelTests.swift */; };
		3DA70C0E2C6A1CE000CB2752 /* RepositoryTests.swift in Sources */ = {isa = PBXBuildFile; fileRef = 3DA70C0D2C6A1CE000CB2752 /* RepositoryTests.swift */; };
		3DA70C112C6A1FB400CB2752 /* QuizListView.swift in Sources */ = {isa = PBXBuildFile; fileRef = 3DA70C102C6A1FB400CB2752 /* QuizListView.swift */; };
		3DA70C132C6A1FC400CB2752 /* QuizDetailView.swift in Sources */ = {isa = PBXBuildFile; fileRef = 3DA70C122C6A1FC400CB2752 /* QuizDetailView.swift */; };
		3DA70C152C6A1FD000CB2752 /* QuestionView.swift in Sources */ = {isa = PBXBuildFile; fileRef = 3DA70C142C6A1FD000CB2752 /* QuestionView.swift */; };
		3DA70C172C6A1FE000CB2752 /* ResultView.swift in Sources */ = {isa = PBXBuildFile; fileRef = 3DA70C162C6A1FE000CB2752 /* ResultView.swift */; };
		3DA70C192C6A200E00CB2752 /* QuizListViewModel.swift in Sources */ = {isa = PBXBuildFile; fileRef = 3DA70C182C6A200E00CB2752 /* QuizListViewModel.swift */; };
		3DA70C1B2C6A201B00CB2752 /* QuizDetailViewModel.swift in Sources */ = {isa = PBXBuildFile; fileRef = 3DA70C1A2C6A201B00CB2752 /* QuizDetailViewModel.swift */; };
		3DA70C1D2C6A202600CB2752 /* QuestionViewModel.swift in Sources */ = {isa = PBXBuildFile; fileRef = 3DA70C1C2C6A202600CB2752 /* QuestionViewModel.swift */; };
		3DA70C202C6A203F00CB2752 /* ResultViewModel.swift in Sources */ = {isa = PBXBuildFile; fileRef = 3DA70C1F2C6A203F00CB2752 /* ResultViewModel.swift */; };
		3DA70C222C6A205F00CB2752 /* Quiz.swift in Sources */ = {isa = PBXBuildFile; fileRef = 3DA70C212C6A205F00CB2752 /* Quiz.swift */; };
		3DA70C242C6A206900CB2752 /* Section.swift in Sources */ = {isa = PBXBuildFile; fileRef = 3DA70C232C6A206900CB2752 /* Section.swift */; };
		3DA70C262C6A207500CB2752 /* Question.swift in Sources */ = {isa = PBXBuildFile; fileRef = 3DA70C252C6A207500CB2752 /* Question.swift */; };
		3DA70C282C6A208000CB2752 /* Response.swift in Sources */ = {isa = PBXBuildFile; fileRef = 3DA70C272C6A208000CB2752 /* Response.swift */; };
		3DA70C2A2C6A209700CB2752 /* QuizService.swift in Sources */ = {isa = PBXBuildFile; fileRef = 3DA70C292C6A209700CB2752 /* QuizService.swift */; };
		3DA70C2C2C6A20A200CB2752 /* AnalyticsService.swift in Sources */ = {isa = PBXBuildFile; fileRef = 3DA70C2B2C6A20A200CB2752 /* AnalyticsService.swift */; };
		3DA70C2E2C6A21F500CB2752 /* AssetsLinks.swift in Sources */ = {isa = PBXBuildFile; fileRef = 3DA70C2D2C6A21F500CB2752 /* AssetsLinks.swift */; };
/* End PBXBuildFile section */

/* Begin PBXContainerItemProxy section */
		3DA70BE62C6A159600CB2752 /* PBXContainerItemProxy */ = {
			isa = PBXContainerItemProxy;
			containerPortal = 3DA70BCA2C6A159500CB2752 /* Project object */;
			proxyType = 1;
			remoteGlobalIDString = 3DA70BD12C6A159500CB2752;
			remoteInfo = HeroQuiz;
		};
		3DA70BF02C6A159600CB2752 /* PBXContainerItemProxy */ = {
			isa = PBXContainerItemProxy;
			containerPortal = 3DA70BCA2C6A159500CB2752 /* Project object */;
			proxyType = 1;
			remoteGlobalIDString = 3DA70BD12C6A159500CB2752;
			remoteInfo = HeroQuiz;
		};
/* End PBXContainerItemProxy section */

/* Begin PBXFileReference section */
		3DA70BD22C6A159500CB2752 /* HeroQuiz.app */ = {isa = PBXFileReference; explicitFileType = wrapper.application; includeInIndex = 0; path = HeroQuiz.app; sourceTree = BUILT_PRODUCTS_DIR; };
		3DA70BD52C6A159500CB2752 /* HeroQuizApp.swift */ = {isa = PBXFileReference; lastKnownFileType = sourcecode.swift; path = HeroQuizApp.swift; sourceTree = "<group>"; };
		3DA70BD72C6A159500CB2752 /* ContentView.swift */ = {isa = PBXFileReference; lastKnownFileType = sourcecode.swift; path = ContentView.swift; sourceTree = "<group>"; };
		3DA70BD92C6A159500CB2752 /* Item.swift */ = {isa = PBXFileReference; lastKnownFileType = sourcecode.swift; path = Item.swift; sourceTree = "<group>"; };
		3DA70BDB2C6A159600CB2752 /* Assets.xcassets */ = {isa = PBXFileReference; lastKnownFileType = folder.assetcatalog; path = Assets.xcassets; sourceTree = "<group>"; };
		3DA70BDD2C6A159600CB2752 /* HeroQuiz.entitlements */ = {isa = PBXFileReference; lastKnownFileType = text.plist.entitlements; path = HeroQuiz.entitlements; sourceTree = "<group>"; };
		3DA70BDF2C6A159600CB2752 /* Preview Assets.xcassets */ = {isa = PBXFileReference; lastKnownFileType = folder.assetcatalog; path = "Preview Assets.xcassets"; sourceTree = "<group>"; };
		3DA70BE52C6A159600CB2752 /* HeroQuizTests.xctest */ = {isa = PBXFileReference; explicitFileType = wrapper.cfbundle; includeInIndex = 0; path = HeroQuizTests.xctest; sourceTree = BUILT_PRODUCTS_DIR; };
		3DA70BE92C6A159600CB2752 /* HeroQuizTests.swift */ = {isa = PBXFileReference; lastKnownFileType = sourcecode.swift; path = HeroQuizTests.swift; sourceTree = "<group>"; };
		3DA70BEF2C6A159600CB2752 /* HeroQuizUITests.xctest */ = {isa = PBXFileReference; explicitFileType = wrapper.cfbundle; includeInIndex = 0; path = HeroQuizUITests.xctest; sourceTree = BUILT_PRODUCTS_DIR; };
		3DA70BF32C6A159600CB2752 /* HeroQuizUITests.swift */ = {isa = PBXFileReference; lastKnownFileType = sourcecode.swift; path = HeroQuizUITests.swift; sourceTree = "<group>"; };
		3DA70BF52C6A159600CB2752 /* HeroQuizUITestsLaunchTests.swift */ = {isa = PBXFileReference; lastKnownFileType = sourcecode.swift; path = HeroQuizUITestsLaunchTests.swift; sourceTree = "<group>"; };
		3DA70C092C6A1CC800CB2752 /* ModelTests.swift */ = {isa = PBXFileReference; lastKnownFileType = sourcecode.swift; path = ModelTests.swift; sourceTree = "<group>"; };
		3DA70C0B2C6A1CD300CB2752 /* ViewModelTests.swift */ = {isa = PBXFileReference; lastKnownFileType = sourcecode.swift; path = ViewModelTests.swift; sourceTree = "<group>"; };
		3DA70C0D2C6A1CE000CB2752 /* RepositoryTests.swift */ = {isa = PBXFileReference; lastKnownFileType = sourcecode.swift; path = RepositoryTests.swift; sourceTree = "<group>"; };
		3DA70C0F2C6A1D4B00CB2752 /* README.md */ = {isa = PBXFileReference; lastKnownFileType = net.daringfireball.markdown; path = README.md; sourceTree = "<group>"; };
		3DA70C102C6A1FB400CB2752 /* QuizListView.swift */ = {isa = PBXFileReference; lastKnownFileType = sourcecode.swift; path = QuizListView.swift; sourceTree = "<group>"; };
		3DA70C122C6A1FC400CB2752 /* QuizDetailView.swift */ = {isa = PBXFileReference; lastKnownFileType = sourcecode.swift; path = QuizDetailView.swift; sourceTree = "<group>"; };
		3DA70C142C6A1FD000CB2752 /* QuestionView.swift */ = {isa = PBXFileReference; lastKnownFileType = sourcecode.swift; path = QuestionView.swift; sourceTree = "<group>"; };
		3DA70C162C6A1FE000CB2752 /* ResultView.swift */ = {isa = PBXFileReference; lastKnownFileType = sourcecode.swift; path = ResultView.swift; sourceTree = "<group>"; };
		3DA70C182C6A200E00CB2752 /* QuizListViewModel.swift */ = {isa = PBXFileReference; lastKnownFileType = sourcecode.swift; path = QuizListViewModel.swift; sourceTree = "<group>"; };
		3DA70C1A2C6A201B00CB2752 /* QuizDetailViewModel.swift */ = {isa = PBXFileReference; lastKnownFileType = sourcecode.swift; path = QuizDetailViewModel.swift; sourceTree = "<group>"; };
		3DA70C1C2C6A202600CB2752 /* QuestionViewModel.swift */ = {isa = PBXFileReference; lastKnownFileType = sourcecode.swift; path = QuestionViewModel.swift; sourceTree = "<group>"; };
		3DA70C1F2C6A203F00CB2752 /* ResultViewModel.swift */ = {isa = PBXFileReference; lastKnownFileType = sourcecode.swift; path = ResultViewModel.swift; sourceTree = "<group>"; };
		3DA70C212C6A205F00CB2752 /* Quiz.swift */ = {isa = PBXFileReference; lastKnownFileType = sourcecode.swift; path = Quiz.swift; sourceTree = "<group>"; };
		3DA70C232C6A206900CB2752 /* Section.swift */ = {isa = PBXFileReference; lastKnownFileType = sourcecode.swift; path = Section.swift; sourceTree = "<group>"; };
		3DA70C252C6A207500CB2752 /* Question.swift */ = {isa = PBXFileReference; lastKnownFileType = sourcecode.swift; path = Question.swift; sourceTree = "<group>"; };
		3DA70C272C6A208000CB2752 /* Response.swift */ = {isa = PBXFileReference; lastKnownFileType = sourcecode.swift; path = Response.swift; sourceTree = "<group>"; };
		3DA70C292C6A209700CB2752 /* QuizService.swift */ = {isa = PBXFileReference; lastKnownFileType = sourcecode.swift; path = QuizService.swift; sourceTree = "<group>"; };
		3DA70C2B2C6A20A200CB2752 /* AnalyticsService.swift */ = {isa = PBXFileReference; lastKnownFileType = sourcecode.swift; path = AnalyticsService.swift; sourceTree = "<group>"; };
		3DA70C2D2C6A21F500CB2752 /* AssetsLinks.swift */ = {isa = PBXFileReference; lastKnownFileType = sourcecode.swift; path = AssetsLinks.swift; sourceTree = "<group>"; };
/* End PBXFileReference section */

/* Begin PBXFrameworksBuildPhase section */
		3DA70BCF2C6A159500CB2752 /* Frameworks */ = {
			isa = PBXFrameworksBuildPhase;
			buildActionMask = 2147483647;
			files = (
			);
			runOnlyForDeploymentPostprocessing = 0;
		};
		3DA70BE22C6A159600CB2752 /* Frameworks */ = {
			isa = PBXFrameworksBuildPhase;
			buildActionMask = 2147483647;
			files = (
			);
			runOnlyForDeploymentPostprocessing = 0;
		};
		3DA70BEC2C6A159600CB2752 /* Frameworks */ = {
			isa = PBXFrameworksBuildPhase;
			buildActionMask = 2147483647;
			files = (
			);
			runOnlyForDeploymentPostprocessing = 0;
		};
/* End PBXFrameworksBuildPhase section */

/* Begin PBXGroup section */
		3DA70BC92C6A159500CB2752 = {
			isa = PBXGroup;
			children = (
				3DA70C0F2C6A1D4B00CB2752 /* README.md */,
				3DA70BD42C6A159500CB2752 /* HeroQuiz */,
				3DA70BE82C6A159600CB2752 /* HeroQuizTests */,
				3DA70BF22C6A159600CB2752 /* HeroQuizUITests */,
				3DA70BD32C6A159500CB2752 /* Products */,
			);
			sourceTree = "<group>";
		};
		3DA70BD32C6A159500CB2752 /* Products */ = {
			isa = PBXGroup;
			children = (
				3DA70BD22C6A159500CB2752 /* HeroQuiz.app */,
				3DA70BE52C6A159600CB2752 /* HeroQuizTests.xctest */,
				3DA70BEF2C6A159600CB2752 /* HeroQuizUITests.xctest */,
			);
			name = Products;
			sourceTree = "<group>";
		};
		3DA70BD42C6A159500CB2752 /* HeroQuiz */ = {
			isa = PBXGroup;
			children = (
				3DA70C082C6A1C5B00CB2752 /* Utilities */,
				3DA70C072C6A1C4900CB2752 /* Resources */,
				3DA70C062C6A1C3D00CB2752 /* Services */,
				3DA70C052C6A1C2900CB2752 /* Repositories */,
				3DA70C042C6A1C1F00CB2752 /* ViewModels */,
				3DA70C032C6A1C1500CB2752 /* Views */,
				3DA70C022C6A1C0A00CB2752 /* Models */,
				3DA70BD52C6A159500CB2752 /* HeroQuizApp.swift */,
				3DA70BD72C6A159500CB2752 /* ContentView.swift */,
				3DA70BD92C6A159500CB2752 /* Item.swift */,
				3DA70BDB2C6A159600CB2752 /* Assets.xcassets */,
				3DA70BDD2C6A159600CB2752 /* HeroQuiz.entitlements */,
				3DA70BDE2C6A159600CB2752 /* Preview Content */,
			);
			path = HeroQuiz;
			sourceTree = "<group>";
		};
		3DA70BDE2C6A159600CB2752 /* Preview Content */ = {
			isa = PBXGroup;
			children = (
				3DA70BDF2C6A159600CB2752 /* Preview Assets.xcassets */,
			);
			path = "Preview Content";
			sourceTree = "<group>";
		};
		3DA70BE82C6A159600CB2752 /* HeroQuizTests */ = {
			isa = PBXGroup;
			children = (
				3DA70BE92C6A159600CB2752 /* HeroQuizTests.swift */,
				3DA70C092C6A1CC800CB2752 /* ModelTests.swift */,
				3DA70C0B2C6A1CD300CB2752 /* ViewModelTests.swift */,
				3DA70C0D2C6A1CE000CB2752 /* RepositoryTests.swift */,
			);
			path = HeroQuizTests;
			sourceTree = "<group>";
		};
		3DA70BF22C6A159600CB2752 /* HeroQuizUITests */ = {
			isa = PBXGroup;
			children = (
				3DA70BF32C6A159600CB2752 /* HeroQuizUITests.swift */,
				3DA70BF52C6A159600CB2752 /* HeroQuizUITestsLaunchTests.swift */,
			);
			path = HeroQuizUITests;
			sourceTree = "<group>";
		};
		3DA70C022C6A1C0A00CB2752 /* Models */ = {
			isa = PBXGroup;
			children = (
				3DA70C212C6A205F00CB2752 /* Quiz.swift */,
				3DA70C232C6A206900CB2752 /* Section.swift */,
				3DA70C252C6A207500CB2752 /* Question.swift */,
				3DA70C272C6A208000CB2752 /* Response.swift */,
			);
			path = Models;
			sourceTree = "<group>";
		};
		3DA70C032C6A1C1500CB2752 /* Views */ = {
			isa = PBXGroup;
			children = (
				3DA70C102C6A1FB400CB2752 /* QuizListView.swift */,
				3DA70C122C6A1FC400CB2752 /* QuizDetailView.swift */,
				3DA70C142C6A1FD000CB2752 /* QuestionView.swift */,
				3DA70C162C6A1FE000CB2752 /* ResultView.swift */,
			);
			path = Views;
			sourceTree = "<group>";
		};
		3DA70C042C6A1C1F00CB2752 /* ViewModels */ = {
			isa = PBXGroup;
			children = (
				3DA70C182C6A200E00CB2752 /* QuizListViewModel.swift */,
				3DA70C1A2C6A201B00CB2752 /* QuizDetailViewModel.swift */,
				3DA70C1C2C6A202600CB2752 /* QuestionViewModel.swift */,
				3DA70C1F2C6A203F00CB2752 /* ResultViewModel.swift */,
			);
			path = ViewModels;
			sourceTree = "<group>";
		};
		3DA70C052C6A1C2900CB2752 /* Repositories */ = {
			isa = PBXGroup;
			children = (
			);
			path = Repositories;
			sourceTree = "<group>";
		};
		3DA70C062C6A1C3D00CB2752 /* Services */ = {
			isa = PBXGroup;
			children = (
				3DA70C292C6A209700CB2752 /* QuizService.swift */,
				3DA70C2B2C6A20A200CB2752 /* AnalyticsService.swift */,
			);
			path = Services;
			sourceTree = "<group>";
		};
		3DA70C072C6A1C4900CB2752 /* Resources */ = {
			isa = PBXGroup;
			children = (
				3DA70C2D2C6A21F500CB2752 /* AssetsLinks.swift */,
			);
			path = Resources;
			sourceTree = "<group>";
		};
		3DA70C082C6A1C5B00CB2752 /* Utilities */ = {
			isa = PBXGroup;
			children = (
			);
			path = Utilities;
			sourceTree = "<group>";
		};
/* End PBXGroup section */

/* Begin PBXNativeTarget section */
		3DA70BD12C6A159500CB2752 /* HeroQuiz */ = {
			isa = PBXNativeTarget;
			buildConfigurationList = 3DA70BF92C6A159600CB2752 /* Build configuration list for PBXNativeTarget "HeroQuiz" */;
			buildPhases = (
				3DA70BCE2C6A159500CB2752 /* Sources */,
				3DA70BCF2C6A159500CB2752 /* Frameworks */,
				3DA70BD02C6A159500CB2752 /* Resources */,
			);
			buildRules = (
			);
			dependencies = (
			);
			name = HeroQuiz;
			productName = HeroQuiz;
			productReference = 3DA70BD22C6A159500CB2752 /* HeroQuiz.app */;
			productType = "com.apple.product-type.application";
		};
		3DA70BE42C6A159600CB2752 /* HeroQuizTests */ = {
			isa = PBXNativeTarget;
			buildConfigurationList = 3DA70BFC2C6A159600CB2752 /* Build configuration list for PBXNativeTarget "HeroQuizTests" */;
			buildPhases = (
				3DA70BE12C6A159600CB2752 /* Sources */,
				3DA70BE22C6A159600CB2752 /* Frameworks */,
				3DA70BE32C6A159600CB2752 /* Resources */,
			);
			buildRules = (
			);
			dependencies = (
				3DA70BE72C6A159600CB2752 /* PBXTargetDependency */,
			);
			name = HeroQuizTests;
			productName = HeroQuizTests;
			productReference = 3DA70BE52C6A159600CB2752 /* HeroQuizTests.xctest */;
			productType = "com.apple.product-type.bundle.unit-test";
		};
		3DA70BEE2C6A159600CB2752 /* HeroQuizUITests */ = {
			isa = PBXNativeTarget;
			buildConfigurationList = 3DA70BFF2C6A159600CB2752 /* Build configuration list for PBXNativeTarget "HeroQuizUITests" */;
			buildPhases = (
				3DA70BEB2C6A159600CB2752 /* Sources */,
				3DA70BEC2C6A159600CB2752 /* Frameworks */,
				3DA70BED2C6A159600CB2752 /* Resources */,
			);
			buildRules = (
			);
			dependencies = (
				3DA70BF12C6A159600CB2752 /* PBXTargetDependency */,
			);
			name = HeroQuizUITests;
			productName = HeroQuizUITests;
			productReference = 3DA70BEF2C6A159600CB2752 /* HeroQuizUITests.xctest */;
			productType = "com.apple.product-type.bundle.ui-testing";
		};
/* End PBXNativeTarget section */

/* Begin PBXProject section */
		3DA70BCA2C6A159500CB2752 /* Project object */ = {
			isa = PBXProject;
			attributes = {
				BuildIndependentTargetsInParallel = 1;
				LastSwiftUpdateCheck = 1540;
				LastUpgradeCheck = 1540;
				TargetAttributes = {
					3DA70BD12C6A159500CB2752 = {
						CreatedOnToolsVersion = 15.4;
					};
					3DA70BE42C6A159600CB2752 = {
						CreatedOnToolsVersion = 15.4;
						TestTargetID = 3DA70BD12C6A159500CB2752;
					};
					3DA70BEE2C6A159600CB2752 = {
						CreatedOnToolsVersion = 15.4;
						TestTargetID = 3DA70BD12C6A159500CB2752;
					};
				};
			};
			buildConfigurationList = 3DA70BCD2C6A159500CB2752 /* Build configuration list for PBXProject "HeroQuiz" */;
			compatibilityVersion = "Xcode 14.0";
			developmentRegion = en;
			hasScannedForEncodings = 0;
			knownRegions = (
				en,
				Base,
			);
			mainGroup = 3DA70BC92C6A159500CB2752;
			productRefGroup = 3DA70BD32C6A159500CB2752 /* Products */;
			projectDirPath = "";
			projectRoot = "";
			targets = (
				3DA70BD12C6A159500CB2752 /* HeroQuiz */,
				3DA70BE42C6A159600CB2752 /* HeroQuizTests */,
				3DA70BEE2C6A159600CB2752 /* HeroQuizUITests */,
			);
		};
/* End PBXProject section */

/* Begin PBXResourcesBuildPhase section */
		3DA70BD02C6A159500CB2752 /* Resources */ = {
			isa = PBXResourcesBuildPhase;
			buildActionMask = 2147483647;
			files = (
				3DA70BE02C6A159600CB2752 /* Preview Assets.xcassets in Resources */,
				3DA70BDC2C6A159600CB2752 /* Assets.xcassets in Resources */,
			);
			runOnlyForDeploymentPostprocessing = 0;
		};
		3DA70BE32C6A159600CB2752 /* Resources */ = {
			isa = PBXResourcesBuildPhase;
			buildActionMask = 2147483647;
			files = (
			);
			runOnlyForDeploymentPostprocessing = 0;
		};
		3DA70BED2C6A159600CB2752 /* Resources */ = {
			isa = PBXResourcesBuildPhase;
			buildActionMask = 2147483647;
			files = (
			);
			runOnlyForDeploymentPostprocessing = 0;
		};
/* End PBXResourcesBuildPhase section */

/* Begin PBXSourcesBuildPhase section */
		3DA70BCE2C6A159500CB2752 /* Sources */ = {
			isa = PBXSourcesBuildPhase;
			buildActionMask = 2147483647;
			files = (
				3DA70C2E2C6A21F500CB2752 /* AssetsLinks.swift in Sources */,
				3DA70BD82C6A159500CB2752 /* ContentView.swift in Sources */,
				3DA70C112C6A1FB400CB2752 /* QuizListView.swift in Sources */,
				3DA70C222C6A205F00CB2752 /* Quiz.swift in Sources */,
				3DA70C1D2C6A202600CB2752 /* QuestionViewModel.swift in Sources */,
				3DA70C282C6A208000CB2752 /* Response.swift in Sources */,
				3DA70C2C2C6A20A200CB2752 /* AnalyticsService.swift in Sources */,
				3DA70C202C6A203F00CB2752 /* ResultViewModel.swift in Sources */,
				3DA70C2A2C6A209700CB2752 /* QuizService.swift in Sources */,
				3DA70C262C6A207500CB2752 /* Question.swift in Sources */,
				3DA70BDA2C6A159500CB2752 /* Item.swift in Sources */,
				3DA70C192C6A200E00CB2752 /* QuizListViewModel.swift in Sources */,
				3DA70C242C6A206900CB2752 /* Section.swift in Sources */,
				3DA70BD62C6A159500CB2752 /* HeroQuizApp.swift in Sources */,
				3DA70C152C6A1FD000CB2752 /* QuestionView.swift in Sources */,
				3DA70C172C6A1FE000CB2752 /* ResultView.swift in Sources */,
				3DA70C1B2C6A201B00CB2752 /* QuizDetailViewModel.swift in Sources */,
				3DA70C132C6A1FC400CB2752 /* QuizDetailView.swift in Sources */,
			);
			runOnlyForDeploymentPostprocessing = 0;
		};
		3DA70BE12C6A159600CB2752 /* Sources */ = {
			isa = PBXSourcesBuildPhase;
			buildActionMask = 2147483647;
			files = (
				3DA70BEA2C6A159600CB2752 /* HeroQuizTests.swift in Sources */,
				3DA70C0A2C6A1CC800CB2752 /* ModelTests.swift in Sources */,
				3DA70C0C2C6A1CD300CB2752 /* ViewModelTests.swift in Sources */,
				3DA70C0E2C6A1CE000CB2752 /* RepositoryTests.swift in Sources */,
			);
			runOnlyForDeploymentPostprocessing = 0;
		};
		3DA70BEB2C6A159600CB2752 /* Sources */ = {
			isa = PBXSourcesBuildPhase;
			buildActionMask = 2147483647;
			files = (
				3DA70BF62C6A159600CB2752 /* HeroQuizUITestsLaunchTests.swift in Sources */,
				3DA70BF42C6A159600CB2752 /* HeroQuizUITests.swift in Sources */,
			);
			runOnlyForDeploymentPostprocessing = 0;
		};
/* End PBXSourcesBuildPhase section */

/* Begin PBXTargetDependency section */
		3DA70BE72C6A159600CB2752 /* PBXTargetDependency */ = {
			isa = PBXTargetDependency;
			target = 3DA70BD12C6A159500CB2752 /* HeroQuiz */;
			targetProxy = 3DA70BE62C6A159600CB2752 /* PBXContainerItemProxy */;
		};
		3DA70BF12C6A159600CB2752 /* PBXTargetDependency */ = {
			isa = PBXTargetDependency;
			target = 3DA70BD12C6A159500CB2752 /* HeroQuiz */;
			targetProxy = 3DA70BF02C6A159600CB2752 /* PBXContainerItemProxy */;
		};
/* End PBXTargetDependency section */

/* Begin XCBuildConfiguration section */
		3DA70BF72C6A159600CB2752 /* Debug */ = {
			isa = XCBuildConfiguration;
			buildSettings = {
				ALWAYS_SEARCH_USER_PATHS = NO;
				ASSETCATALOG_COMPILER_GENERATE_SWIFT_ASSET_SYMBOL_EXTENSIONS = YES;
				CLANG_ANALYZER_NONNULL = YES;
				CLANG_ANALYZER_NUMBER_OBJECT_CONVERSION = YES_AGGRESSIVE;
				CLANG_CXX_LANGUAGE_STANDARD = "gnu++20";
				CLANG_ENABLE_MODULES = YES;
				CLANG_ENABLE_OBJC_ARC = YES;
				CLANG_ENABLE_OBJC_WEAK = YES;
				CLANG_WARN_BLOCK_CAPTURE_AUTORELEASING = YES;
				CLANG_WARN_BOOL_CONVERSION = YES;
				CLANG_WARN_COMMA = YES;
				CLANG_WARN_CONSTANT_CONVERSION = YES;
				CLANG_WARN_DEPRECATED_OBJC_IMPLEMENTATIONS = YES;
				CLANG_WARN_DIRECT_OBJC_ISA_USAGE = YES_ERROR;
				CLANG_WARN_DOCUMENTATION_COMMENTS = YES;
				CLANG_WARN_EMPTY_BODY = YES;
				CLANG_WARN_ENUM_CONVERSION = YES;
				CLANG_WARN_INFINITE_RECURSION = YES;
				CLANG_WARN_INT_CONVERSION = YES;
				CLANG_WARN_NON_LITERAL_NULL_CONVERSION = YES;
				CLANG_WARN_OBJC_IMPLICIT_RETAIN_SELF = YES;
				CLANG_WARN_OBJC_LITERAL_CONVERSION = YES;
				CLANG_WARN_OBJC_ROOT_CLASS = YES_ERROR;
				CLANG_WARN_QUOTED_INCLUDE_IN_FRAMEWORK_HEADER = YES;
				CLANG_WARN_RANGE_LOOP_ANALYSIS = YES;
				CLANG_WARN_STRICT_PROTOTYPES = YES;
				CLANG_WARN_SUSPICIOUS_MOVE = YES;
				CLANG_WARN_UNGUARDED_AVAILABILITY = YES_AGGRESSIVE;
				CLANG_WARN_UNREACHABLE_CODE = YES;
				CLANG_WARN__DUPLICATE_METHOD_MATCH = YES;
				COPY_PHASE_STRIP = NO;
				DEBUG_INFORMATION_FORMAT = dwarf;
				ENABLE_STRICT_OBJC_MSGSEND = YES;
				ENABLE_TESTABILITY = YES;
				ENABLE_USER_SCRIPT_SANDBOXING = YES;
				GCC_C_LANGUAGE_STANDARD = gnu17;
				GCC_DYNAMIC_NO_PIC = NO;
				GCC_NO_COMMON_BLOCKS = YES;
				GCC_OPTIMIZATION_LEVEL = 0;
				GCC_PREPROCESSOR_DEFINITIONS = (
					"DEBUG=1",
					"$(inherited)",
				);
				GCC_WARN_64_TO_32_BIT_CONVERSION = YES;
				GCC_WARN_ABOUT_RETURN_TYPE = YES_ERROR;
				GCC_WARN_UNDECLARED_SELECTOR = YES;
				GCC_WARN_UNINITIALIZED_AUTOS = YES_AGGRESSIVE;
				GCC_WARN_UNUSED_FUNCTION = YES;
				GCC_WARN_UNUSED_VARIABLE = YES;
				LOCALIZATION_PREFERS_STRING_CATALOGS = YES;
				MTL_ENABLE_DEBUG_INFO = INCLUDE_SOURCE;
				MTL_FAST_MATH = YES;
				ONLY_ACTIVE_ARCH = YES;
				SWIFT_ACTIVE_COMPILATION_CONDITIONS = "DEBUG $(inherited)";
				SWIFT_OPTIMIZATION_LEVEL = "-Onone";
			};
			name = Debug;
		};
		3DA70BF82C6A159600CB2752 /* Release */ = {
			isa = XCBuildConfiguration;
			buildSettings = {
				ALWAYS_SEARCH_USER_PATHS = NO;
				ASSETCATALOG_COMPILER_GENERATE_SWIFT_ASSET_SYMBOL_EXTENSIONS = YES;
				CLANG_ANALYZER_NONNULL = YES;
				CLANG_ANALYZER_NUMBER_OBJECT_CONVERSION = YES_AGGRESSIVE;
				CLANG_CXX_LANGUAGE_STANDARD = "gnu++20";
				CLANG_ENABLE_MODULES = YES;
				CLANG_ENABLE_OBJC_ARC = YES;
				CLANG_ENABLE_OBJC_WEAK = YES;
				CLANG_WARN_BLOCK_CAPTURE_AUTORELEASING = YES;
				CLANG_WARN_BOOL_CONVERSION = YES;
				CLANG_WARN_COMMA = YES;
				CLANG_WARN_CONSTANT_CONVERSION = YES;
				CLANG_WARN_DEPRECATED_OBJC_IMPLEMENTATIONS = YES;
				CLANG_WARN_DIRECT_OBJC_ISA_USAGE = YES_ERROR;
				CLANG_WARN_DOCUMENTATION_COMMENTS = YES;
				CLANG_WARN_EMPTY_BODY = YES;
				CLANG_WARN_ENUM_CONVERSION = YES;
				CLANG_WARN_INFINITE_RECURSION = YES;
				CLANG_WARN_INT_CONVERSION = YES;
				CLANG_WARN_NON_LITERAL_NULL_CONVERSION = YES;
				CLANG_WARN_OBJC_IMPLICIT_RETAIN_SELF = YES;
				CLANG_WARN_OBJC_LITERAL_CONVERSION = YES;
				CLANG_WARN_OBJC_ROOT_CLASS = YES_ERROR;
				CLANG_WARN_QUOTED_INCLUDE_IN_FRAMEWORK_HEADER = YES;
				CLANG_WARN_RANGE_LOOP_ANALYSIS = YES;
				CLANG_WARN_STRICT_PROTOTYPES = YES;
				CLANG_WARN_SUSPICIOUS_MOVE = YES;
				CLANG_WARN_UNGUARDED_AVAILABILITY = YES_AGGRESSIVE;
				CLANG_WARN_UNREACHABLE_CODE = YES;
				CLANG_WARN__DUPLICATE_METHOD_MATCH = YES;
				COPY_PHASE_STRIP = NO;
				DEBUG_INFORMATION_FORMAT = "dwarf-with-dsym";
				ENABLE_NS_ASSERTIONS = NO;
				ENABLE_STRICT_OBJC_MSGSEND = YES;
				ENABLE_USER_SCRIPT_SANDBOXING = YES;
				GCC_C_LANGUAGE_STANDARD = gnu17;
				GCC_NO_COMMON_BLOCKS = YES;
				GCC_WARN_64_TO_32_BIT_CONVERSION = YES;
				GCC_WARN_ABOUT_RETURN_TYPE = YES_ERROR;
				GCC_WARN_UNDECLARED_SELECTOR = YES;
				GCC_WARN_UNINITIALIZED_AUTOS = YES_AGGRESSIVE;
				GCC_WARN_UNUSED_FUNCTION = YES;
				GCC_WARN_UNUSED_VARIABLE = YES;
				LOCALIZATION_PREFERS_STRING_CATALOGS = YES;
				MTL_ENABLE_DEBUG_INFO = NO;
				MTL_FAST_MATH = YES;
				SWIFT_COMPILATION_MODE = wholemodule;
			};
			name = Release;
		};
		3DA70BFA2C6A159600CB2752 /* Debug */ = {
			isa = XCBuildConfiguration;
			buildSettings = {
				ASSETCATALOG_COMPILER_APPICON_NAME = AppIcon;
				ASSETCATALOG_COMPILER_GLOBAL_ACCENT_COLOR_NAME = AccentColor;
				CODE_SIGN_ENTITLEMENTS = HeroQuiz/HeroQuiz.entitlements;
				CODE_SIGN_STYLE = Automatic;
				CURRENT_PROJECT_VERSION = 1;
				DEVELOPMENT_ASSET_PATHS = "\"HeroQuiz/Preview Content\"";
				DEVELOPMENT_TEAM = 6Y8QN8BGZ9;
				ENABLE_HARDENED_RUNTIME = YES;
				ENABLE_PREVIEWS = YES;
				GENERATE_INFOPLIST_FILE = YES;
				"INFOPLIST_KEY_UIApplicationSceneManifest_Generation[sdk=iphoneos*]" = YES;
				"INFOPLIST_KEY_UIApplicationSceneManifest_Generation[sdk=iphonesimulator*]" = YES;
				"INFOPLIST_KEY_UIApplicationSupportsIndirectInputEvents[sdk=iphoneos*]" = YES;
				"INFOPLIST_KEY_UIApplicationSupportsIndirectInputEvents[sdk=iphonesimulator*]" = YES;
				"INFOPLIST_KEY_UILaunchScreen_Generation[sdk=iphoneos*]" = YES;
				"INFOPLIST_KEY_UILaunchScreen_Generation[sdk=iphonesimulator*]" = YES;
				"INFOPLIST_KEY_UIStatusBarStyle[sdk=iphoneos*]" = UIStatusBarStyleDefault;
				"INFOPLIST_KEY_UIStatusBarStyle[sdk=iphonesimulator*]" = UIStatusBarStyleDefault;
				INFOPLIST_KEY_UISupportedInterfaceOrientations_iPad = "UIInterfaceOrientationPortrait UIInterfaceOrientationPortraitUpsideDown UIInterfaceOrientationLandscapeLeft UIInterfaceOrientationLandscapeRight";
				INFOPLIST_KEY_UISupportedInterfaceOrientations_iPhone = "UIInterfaceOrientationPortrait UIInterfaceOrientationLandscapeLeft UIInterfaceOrientationLandscapeRight";
				IPHONEOS_DEPLOYMENT_TARGET = 17.5;
				LD_RUNPATH_SEARCH_PATHS = "@executable_path/Frameworks";
				"LD_RUNPATH_SEARCH_PATHS[sdk=macosx*]" = "@executable_path/../Frameworks";
				MACOSX_DEPLOYMENT_TARGET = 14.0;
				MARKETING_VERSION = 1.0;
				PRODUCT_BUNDLE_IDENTIFIER = com.rgs.HeroQuiz;
				PRODUCT_NAME = "$(TARGET_NAME)";
				SDKROOT = auto;
				SUPPORTED_PLATFORMS = "iphoneos iphonesimulator macosx";
				SWIFT_EMIT_LOC_STRINGS = YES;
				SWIFT_VERSION = 5.0;
				TARGETED_DEVICE_FAMILY = "1,2";
			};
			name = Debug;
		};
		3DA70BFB2C6A159600CB2752 /* Release */ = {
			isa = XCBuildConfiguration;
			buildSettings = {
				ASSETCATALOG_COMPILER_APPICON_NAME = AppIcon;
				ASSETCATALOG_COMPILER_GLOBAL_ACCENT_COLOR_NAME = AccentColor;
				CODE_SIGN_ENTITLEMENTS = HeroQuiz/HeroQuiz.entitlements;
				CODE_SIGN_STYLE = Automatic;
				CURRENT_PROJECT_VERSION = 1;
				DEVELOPMENT_ASSET_PATHS = "\"HeroQuiz/Preview Content\"";
				DEVELOPMENT_TEAM = 6Y8QN8BGZ9;
				ENABLE_HARDENED_RUNTIME = YES;
				ENABLE_PREVIEWS = YES;
				GENERATE_INFOPLIST_FILE = YES;
				"INFOPLIST_KEY_UIApplicationSceneManifest_Generation[sdk=iphoneos*]" = YES;
				"INFOPLIST_KEY_UIApplicationSceneManifest_Generation[sdk=iphonesimulator*]" = YES;
				"INFOPLIST_KEY_UIApplicationSupportsIndirectInputEvents[sdk=iphoneos*]" = YES;
				"INFOPLIST_KEY_UIApplicationSupportsIndirectInputEvents[sdk=iphonesimulator*]" = YES;
				"INFOPLIST_KEY_UILaunchScreen_Generation[sdk=iphoneos*]" = YES;
				"INFOPLIST_KEY_UILaunchScreen_Generation[sdk=iphonesimulator*]" = YES;
				"INFOPLIST_KEY_UIStatusBarStyle[sdk=iphoneos*]" = UIStatusBarStyleDefault;
				"INFOPLIST_KEY_UIStatusBarStyle[sdk=iphonesimulator*]" = UIStatusBarStyleDefault;
				INFOPLIST_KEY_UISupportedInterfaceOrientations_iPad = "UIInterfaceOrientationPortrait UIInterfaceOrientationPortraitUpsideDown UIInterfaceOrientationLandscapeLeft UIInterfaceOrientationLandscapeRight";
				INFOPLIST_KEY_UISupportedInterfaceOrientations_iPhone = "UIInterfaceOrientationPortrait UIInterfaceOrientationLandscapeLeft UIInterfaceOrientationLandscapeRight";
				IPHONEOS_DEPLOYMENT_TARGET = 17.5;
				LD_RUNPATH_SEARCH_PATHS = "@executable_path/Frameworks";
				"LD_RUNPATH_SEARCH_PATHS[sdk=macosx*]" = "@executable_path/../Frameworks";
				MACOSX_DEPLOYMENT_TARGET = 14.0;
				MARKETING_VERSION = 1.0;
				PRODUCT_BUNDLE_IDENTIFIER = com.rgs.HeroQuiz;
				PRODUCT_NAME = "$(TARGET_NAME)";
				SDKROOT = auto;
				SUPPORTED_PLATFORMS = "iphoneos iphonesimulator macosx";
				SWIFT_EMIT_LOC_STRINGS = YES;
				SWIFT_VERSION = 5.0;
				TARGETED_DEVICE_FAMILY = "1,2";
			};
			name = Release;
		};
		3DA70BFD2C6A159600CB2752 /* Debug */ = {
			isa = XCBuildConfiguration;
			buildSettings = {
				ALWAYS_EMBED_SWIFT_STANDARD_LIBRARIES = YES;
				BUNDLE_LOADER = "$(TEST_HOST)";
				CODE_SIGN_STYLE = Automatic;
				CURRENT_PROJECT_VERSION = 1;
				DEVELOPMENT_TEAM = 6Y8QN8BGZ9;
				GENERATE_INFOPLIST_FILE = YES;
				IPHONEOS_DEPLOYMENT_TARGET = 17.5;
				MACOSX_DEPLOYMENT_TARGET = 14.5;
				MARKETING_VERSION = 1.0;
				PRODUCT_BUNDLE_IDENTIFIER = com.rgs.HeroQuizTests;
				PRODUCT_NAME = "$(TARGET_NAME)";
				SDKROOT = auto;
				SUPPORTED_PLATFORMS = "iphoneos iphonesimulator macosx";
				SWIFT_EMIT_LOC_STRINGS = NO;
				SWIFT_VERSION = 5.0;
				TARGETED_DEVICE_FAMILY = "1,2";
				TEST_HOST = "$(BUILT_PRODUCTS_DIR)/HeroQuiz.app/$(BUNDLE_EXECUTABLE_FOLDER_PATH)/HeroQuiz";
			};
			name = Debug;
		};
		3DA70BFE2C6A159600CB2752 /* Release */ = {
			isa = XCBuildConfiguration;
			buildSettings = {
				ALWAYS_EMBED_SWIFT_STANDARD_LIBRARIES = YES;
				BUNDLE_LOADER = "$(TEST_HOST)";
				CODE_SIGN_STYLE = Automatic;
				CURRENT_PROJECT_VERSION = 1;
				DEVELOPMENT_TEAM = 6Y8QN8BGZ9;
				GENERATE_INFOPLIST_FILE = YES;
				IPHONEOS_DEPLOYMENT_TARGET = 17.5;
				MACOSX_DEPLOYMENT_TARGET = 14.5;
				MARKETING_VERSION = 1.0;
				PRODUCT_BUNDLE_IDENTIFIER = com.rgs.HeroQuizTests;
				PRODUCT_NAME = "$(TARGET_NAME)";
				SDKROOT = auto;
				SUPPORTED_PLATFORMS = "iphoneos iphonesimulator macosx";
				SWIFT_EMIT_LOC_STRINGS = NO;
				SWIFT_VERSION = 5.0;
				TARGETED_DEVICE_FAMILY = "1,2";
				TEST_HOST = "$(BUILT_PRODUCTS_DIR)/HeroQuiz.app/$(BUNDLE_EXECUTABLE_FOLDER_PATH)/HeroQuiz";
			};
			name = Release;
		};
		3DA70C002C6A159600CB2752 /* Debug */ = {
			isa = XCBuildConfiguration;
			buildSettings = {
				ALWAYS_EMBED_SWIFT_STANDARD_LIBRARIES = YES;
				CODE_SIGN_STYLE = Automatic;
				CURRENT_PROJECT_VERSION = 1;
				DEVELOPMENT_TEAM = 6Y8QN8BGZ9;
				GENERATE_INFOPLIST_FILE = YES;
				IPHONEOS_DEPLOYMENT_TARGET = 17.5;
				MACOSX_DEPLOYMENT_TARGET = 14.5;
				MARKETING_VERSION = 1.0;
				PRODUCT_BUNDLE_IDENTIFIER = com.rgs.HeroQuizUITests;
				PRODUCT_NAME = "$(TARGET_NAME)";
				SDKROOT = auto;
				SUPPORTED_PLATFORMS = "iphoneos iphonesimulator macosx";
				SWIFT_EMIT_LOC_STRINGS = NO;
				SWIFT_VERSION = 5.0;
				TARGETED_DEVICE_FAMILY = "1,2";
				TEST_TARGET_NAME = HeroQuiz;
			};
			name = Debug;
		};
		3DA70C012C6A159600CB2752 /* Release */ = {
			isa = XCBuildConfiguration;
			buildSettings = {
				ALWAYS_EMBED_SWIFT_STANDARD_LIBRARIES = YES;
				CODE_SIGN_STYLE = Automatic;
				CURRENT_PROJECT_VERSION = 1;
				DEVELOPMENT_TEAM = 6Y8QN8BGZ9;
				GENERATE_INFOPLIST_FILE = YES;
				IPHONEOS_DEPLOYMENT_TARGET = 17.5;
				MACOSX_DEPLOYMENT_TARGET = 14.5;
				MARKETING_VERSION = 1.0;
				PRODUCT_BUNDLE_IDENTIFIER = com.rgs.HeroQuizUITests;
				PRODUCT_NAME = "$(TARGET_NAME)";
				SDKROOT = auto;
				SUPPORTED_PLATFORMS = "iphoneos iphonesimulator macosx";
				SWIFT_EMIT_LOC_STRINGS = NO;
				SWIFT_VERSION = 5.0;
				TARGETED_DEVICE_FAMILY = "1,2";
				TEST_TARGET_NAME = HeroQuiz;
			};
			name = Release;
		};
/* End XCBuildConfiguration section */

/* Begin XCConfigurationList section */
		3DA70BCD2C6A159500CB2752 /* Build configuration list for PBXProject "HeroQuiz" */ = {
			isa = XCConfigurationList;
			buildConfigurations = (
				3DA70BF72C6A159600CB2752 /* Debug */,
				3DA70BF82C6A159600CB2752 /* Release */,
			);
			defaultConfigurationIsVisible = 0;
			defaultConfigurationName = Release;
		};
		3DA70BF92C6A159600CB2752 /* Build configuration list for PBXNativeTarget "HeroQuiz" */ = {
			isa = XCConfigurationList;
			buildConfigurations = (
				3DA70BFA2C6A159600CB2752 /* Debug */,
				3DA70BFB2C6A159600CB2752 /* Release */,
			);
			defaultConfigurationIsVisible = 0;
			defaultConfigurationName = Release;
		};
		3DA70BFC2C6A159600CB2752 /* Build configuration list for PBXNativeTarget "HeroQuizTests" */ = {
			isa = XCConfigurationList;
			buildConfigurations = (
				3DA70BFD2C6A159600CB2752 /* Debug */,
				3DA70BFE2C6A159600CB2752 /* Release */,
			);
			defaultConfigurationIsVisible = 0;
			defaultConfigurationName = Release;
		};
		3DA70BFF2C6A159600CB2752 /* Build configuration list for PBXNativeTarget "HeroQuizUITests" */ = {
			isa = XCConfigurationList;
			buildConfigurations = (
				3DA70C002C6A159600CB2752 /* Debug */,
				3DA70C012C6A159600CB2752 /* Release */,
			);
			defaultConfigurationIsVisible = 0;
			defaultConfigurationName = Release;
		};
/* End XCConfigurationList section */
	};
	rootObject = 3DA70BCA2C6A159500CB2752 /* Project object */;
}
